// !$*UTF8*$!
{
	archiveVersion = 1;
	classes = {
	};
	objectVersion = 50;
	objects = {

/* Begin PBXBuildFile section */
		2D0BBD85266E2FAA00C90A28 /* AppDelegate.swift in Sources */ = {isa = PBXBuildFile; fileRef = 2D0BBD84266E2FAA00C90A28 /* AppDelegate.swift */; };
		2D0BBD87266E2FAA00C90A28 /* SceneDelegate.swift in Sources */ = {isa = PBXBuildFile; fileRef = 2D0BBD86266E2FAA00C90A28 /* SceneDelegate.swift */; };
		2D0BBD8F266E2FAA00C90A28 /* Mini2_Athens.xcdatamodeld in Sources */ = {isa = PBXBuildFile; fileRef = 2D0BBD8D266E2FAA00C90A28 /* Mini2_Athens.xcdatamodeld */; };
		2D0BBD91266E2FAB00C90A28 /* Assets.xcassets in Resources */ = {isa = PBXBuildFile; fileRef = 2D0BBD90266E2FAB00C90A28 /* Assets.xcassets */; };
		2D0BBD94266E2FAB00C90A28 /* LaunchScreen.storyboard in Resources */ = {isa = PBXBuildFile; fileRef = 2D0BBD92266E2FAB00C90A28 /* LaunchScreen.storyboard */; };
		2D0BBDA2266E306400C90A28 /* MainViewController.swift in Sources */ = {isa = PBXBuildFile; fileRef = 2D0BBDA1266E306400C90A28 /* MainViewController.swift */; };
		2D16B23E266FAE0E00FD4450 /* MovementTutorialViewController.swift in Sources */ = {isa = PBXBuildFile; fileRef = 2D16B23C266FAE0E00FD4450 /* MovementTutorialViewController.swift */; };
		2D16B23F266FAE0E00FD4450 /* MovementTutorialViewController.xib in Resources */ = {isa = PBXBuildFile; fileRef = 2D16B23D266FAE0E00FD4450 /* MovementTutorialViewController.xib */; };
		2D30DEE4267348880089F8FA /* ProgramCompletedViewController.swift in Sources */ = {isa = PBXBuildFile; fileRef = 2D30DEE2267348880089F8FA /* ProgramCompletedViewController.swift */; };
		2D30DEE5267348880089F8FA /* ProgramCompletedViewController.xib in Resources */ = {isa = PBXBuildFile; fileRef = 2D30DEE3267348880089F8FA /* ProgramCompletedViewController.xib */; };
		2D6FFA8126708A2F009C1438 /* testVideo1.mp4 in Resources */ = {isa = PBXBuildFile; fileRef = 2D6FFA8026708A2F009C1438 /* testVideo1.mp4 */; };
		2D73257C26773922003B53C1 /* DataManipulation.swift in Sources */ = {isa = PBXBuildFile; fileRef = 2D73257B26773922003B53C1 /* DataManipulation.swift */; };
		2D73257E26775D60003B53C1 /* MyHistory.storyboard in Resources */ = {isa = PBXBuildFile; fileRef = 2D73257D26775D60003B53C1 /* MyHistory.storyboard */; };
		2D963CDD26764F3B00838C51 /* MyHistoryViewController.swift in Sources */ = {isa = PBXBuildFile; fileRef = 2D963CDC26764F3B00838C51 /* MyHistoryViewController.swift */; };
		2D963CE22676530F00838C51 /* MyHistoryTableViewCell.swift in Sources */ = {isa = PBXBuildFile; fileRef = 2D963CE02676530F00838C51 /* MyHistoryTableViewCell.swift */; };
		2D963CE32676530F00838C51 /* MyHistoryTableViewCell.xib in Resources */ = {isa = PBXBuildFile; fileRef = 2D963CE12676530F00838C51 /* MyHistoryTableViewCell.xib */; };
		2DCB6230267324660040A5E3 /* TestViewController.swift in Sources */ = {isa = PBXBuildFile; fileRef = 2DCB622F267324660040A5E3 /* TestViewController.swift */; };
		2DCB6233267324890040A5E3 /* test.storyboard in Resources */ = {isa = PBXBuildFile; fileRef = 2DCB6232267324890040A5E3 /* test.storyboard */; };
		6000BB092671FD7C0083F617 /* HomeStoryboard.storyboard in Resources */ = {isa = PBXBuildFile; fileRef = 6000BB082671FD7B0083F617 /* HomeStoryboard.storyboard */; };
		6000BB0B2671FD8C0083F617 /* SuggestedWorkout.swift in Sources */ = {isa = PBXBuildFile; fileRef = 6000BB0A2671FD8C0083F617 /* SuggestedWorkout.swift */; };
		6000BB0D2671FDC40083F617 /* ExerciseTimer.swift in Sources */ = {isa = PBXBuildFile; fileRef = 6000BB0C2671FDC40083F617 /* ExerciseTimer.swift */; };
		6000BB0F267213B40083F617 /* WorkoutCollectionViewCell.swift in Sources */ = {isa = PBXBuildFile; fileRef = 6000BB0E267213B40083F617 /* WorkoutCollectionViewCell.swift */; };
		6000BB11267215460083F617 /* HomeViewController.swift in Sources */ = {isa = PBXBuildFile; fileRef = 6000BB10267215460083F617 /* HomeViewController.swift */; };
		601A4E7726730C9100967581 /* StartProgramViewController.swift in Sources */ = {isa = PBXBuildFile; fileRef = 601A4E7626730C9100967581 /* StartProgramViewController.swift */; };
		601A4E7926730CC900967581 /* StartProgram.storyboard in Resources */ = {isa = PBXBuildFile; fileRef = 601A4E7826730CC900967581 /* StartProgram.storyboard */; };
		604CEA3126779D04002384C6 /* MovementCollectionViewCell.swift in Sources */ = {isa = PBXBuildFile; fileRef = 604CEA3026779D04002384C6 /* MovementCollectionViewCell.swift */; };
		608605CC267875BD00BC1AE2 /* EndProgramViewController.swift in Sources */ = {isa = PBXBuildFile; fileRef = 608605CB267875BD00BC1AE2 /* EndProgramViewController.swift */; };
		609067842676453A004753A1 /* ExerciseTableViewCell.swift in Sources */ = {isa = PBXBuildFile; fileRef = 609067822676453A004753A1 /* ExerciseTableViewCell.swift */; };
		609067852676453A004753A1 /* ExerciseTableViewCell.xib in Resources */ = {isa = PBXBuildFile; fileRef = 609067832676453A004753A1 /* ExerciseTableViewCell.xib */; };
		7C7E96E32670EEEB008379D5 /* Rest.storyboard in Resources */ = {isa = PBXBuildFile; fileRef = 7C7E96E22670EEEB008379D5 /* Rest.storyboard */; };
		7C7E96E52670EF53008379D5 /* analyzeReport.storyboard in Resources */ = {isa = PBXBuildFile; fileRef = 7C7E96E42670EF53008379D5 /* analyzeReport.storyboard */; };
		7C7E96EB2670F3E7008379D5 /* AnalyzeReportViewController.swift in Sources */ = {isa = PBXBuildFile; fileRef = 7C7E96EA2670F3E7008379D5 /* AnalyzeReportViewController.swift */; };
		7C7E96ED2671048C008379D5 /* restViewController.swift in Sources */ = {isa = PBXBuildFile; fileRef = 7C7E96EC2671048C008379D5 /* restViewController.swift */; };
		B8389022266E65D700A293A6 /* movementAnalyzer.storyboard in Resources */ = {isa = PBXBuildFile; fileRef = B8389021266E65D700A293A6 /* movementAnalyzer.storyboard */; };
		B8389024266E674100A293A6 /* MovementAnalyzerViewController.swift in Sources */ = {isa = PBXBuildFile; fileRef = B8389023266E674100A293A6 /* MovementAnalyzerViewController.swift */; };
		B8389026266E69AB00A293A6 /* CameraView.swift in Sources */ = {isa = PBXBuildFile; fileRef = B8389025266E69AB00A293A6 /* CameraView.swift */; };
		B89FEBA4266FAF7700640FEE /* OnBoarding.storyboard in Resources */ = {isa = PBXBuildFile; fileRef = B89FEBA3266FAF7700640FEE /* OnBoarding.storyboard */; };
		B89FEBA6266FB1E000640FEE /* OnBoardingViewController.swift in Sources */ = {isa = PBXBuildFile; fileRef = B89FEBA5266FB1E000640FEE /* OnBoardingViewController.swift */; };
		C23AA79B267209F10069A409 /* ExerciseProgramListTableViewCell.swift in Sources */ = {isa = PBXBuildFile; fileRef = C23AA79A267209F10069A409 /* ExerciseProgramListTableViewCell.swift */; };
		C23AA79D26720AA60069A409 /* ExerciseProgramListViewController.swift in Sources */ = {isa = PBXBuildFile; fileRef = C23AA79C26720AA60069A409 /* ExerciseProgramListViewController.swift */; };
		C286C34D2671F5FE00416A35 /* ExerciseProgram.swift in Sources */ = {isa = PBXBuildFile; fileRef = C286C34C2671F5FE00416A35 /* ExerciseProgram.swift */; };
		C286C34E2671F9FC00416A35 /* exerciseProgram.storyboard in Resources */ = {isa = PBXBuildFile; fileRef = C286C3502671F9FC00416A35 /* exerciseProgram.storyboard */; };
/* End PBXBuildFile section */

/* Begin PBXFileReference section */
		2D0BBD81266E2FAA00C90A28 /* Mini2 Athens.app */ = {isa = PBXFileReference; explicitFileType = wrapper.application; includeInIndex = 0; path = "Mini2 Athens.app"; sourceTree = BUILT_PRODUCTS_DIR; };
		2D0BBD84266E2FAA00C90A28 /* AppDelegate.swift */ = {isa = PBXFileReference; lastKnownFileType = sourcecode.swift; path = AppDelegate.swift; sourceTree = "<group>"; };
		2D0BBD86266E2FAA00C90A28 /* SceneDelegate.swift */ = {isa = PBXFileReference; lastKnownFileType = sourcecode.swift; path = SceneDelegate.swift; sourceTree = "<group>"; };
		2D0BBD8E266E2FAA00C90A28 /* Mini2_Athens.xcdatamodel */ = {isa = PBXFileReference; lastKnownFileType = wrapper.xcdatamodel; path = Mini2_Athens.xcdatamodel; sourceTree = "<group>"; };
		2D0BBD90266E2FAB00C90A28 /* Assets.xcassets */ = {isa = PBXFileReference; lastKnownFileType = folder.assetcatalog; path = Assets.xcassets; sourceTree = "<group>"; };
		2D0BBD93266E2FAB00C90A28 /* Base */ = {isa = PBXFileReference; lastKnownFileType = file.storyboard; name = Base; path = Base.lproj/LaunchScreen.storyboard; sourceTree = "<group>"; };
		2D0BBD95266E2FAB00C90A28 /* Info.plist */ = {isa = PBXFileReference; lastKnownFileType = text.plist.xml; path = Info.plist; sourceTree = "<group>"; };
		2D0BBDA1266E306400C90A28 /* MainViewController.swift */ = {isa = PBXFileReference; lastKnownFileType = sourcecode.swift; path = MainViewController.swift; sourceTree = "<group>"; };
		2D16B23C266FAE0E00FD4450 /* MovementTutorialViewController.swift */ = {isa = PBXFileReference; lastKnownFileType = sourcecode.swift; path = MovementTutorialViewController.swift; sourceTree = "<group>"; };
		2D16B23D266FAE0E00FD4450 /* MovementTutorialViewController.xib */ = {isa = PBXFileReference; lastKnownFileType = file.xib; name = MovementTutorialViewController.xib; path = ../MovementTutorialViewController.xib; sourceTree = "<group>"; };
		2D30DEE2267348880089F8FA /* ProgramCompletedViewController.swift */ = {isa = PBXFileReference; lastKnownFileType = sourcecode.swift; path = ProgramCompletedViewController.swift; sourceTree = "<group>"; };
		2D30DEE3267348880089F8FA /* ProgramCompletedViewController.xib */ = {isa = PBXFileReference; lastKnownFileType = file.xib; name = ProgramCompletedViewController.xib; path = ../../Controllers/ProgramCompletedViewController.xib; sourceTree = "<group>"; };
		2D6FFA8026708A2F009C1438 /* testVideo1.mp4 */ = {isa = PBXFileReference; lastKnownFileType = file; path = testVideo1.mp4; sourceTree = "<group>"; };
		2D73257B26773922003B53C1 /* DataManipulation.swift */ = {isa = PBXFileReference; lastKnownFileType = sourcecode.swift; path = DataManipulation.swift; sourceTree = "<group>"; };
		2D73257D26775D60003B53C1 /* MyHistory.storyboard */ = {isa = PBXFileReference; lastKnownFileType = file.storyboard; path = MyHistory.storyboard; sourceTree = "<group>"; };
		2D963CDC26764F3B00838C51 /* MyHistoryViewController.swift */ = {isa = PBXFileReference; lastKnownFileType = sourcecode.swift; path = MyHistoryViewController.swift; sourceTree = "<group>"; };
		2D963CE02676530F00838C51 /* MyHistoryTableViewCell.swift */ = {isa = PBXFileReference; lastKnownFileType = sourcecode.swift; path = MyHistoryTableViewCell.swift; sourceTree = "<group>"; };
		2D963CE12676530F00838C51 /* MyHistoryTableViewCell.xib */ = {isa = PBXFileReference; lastKnownFileType = file.xib; path = MyHistoryTableViewCell.xib; sourceTree = "<group>"; };
		2DCB622F267324660040A5E3 /* TestViewController.swift */ = {isa = PBXFileReference; lastKnownFileType = sourcecode.swift; path = TestViewController.swift; sourceTree = "<group>"; };
		2DCB6232267324890040A5E3 /* test.storyboard */ = {isa = PBXFileReference; lastKnownFileType = file.storyboard; path = test.storyboard; sourceTree = "<group>"; };
		6000BB082671FD7B0083F617 /* HomeStoryboard.storyboard */ = {isa = PBXFileReference; fileEncoding = 4; lastKnownFileType = file.storyboard; path = HomeStoryboard.storyboard; sourceTree = "<group>"; };
		6000BB0A2671FD8C0083F617 /* SuggestedWorkout.swift */ = {isa = PBXFileReference; fileEncoding = 4; lastKnownFileType = sourcecode.swift; path = SuggestedWorkout.swift; sourceTree = "<group>"; };
		6000BB0C2671FDC40083F617 /* ExerciseTimer.swift */ = {isa = PBXFileReference; fileEncoding = 4; lastKnownFileType = sourcecode.swift; path = ExerciseTimer.swift; sourceTree = "<group>"; };
		6000BB0E267213B40083F617 /* WorkoutCollectionViewCell.swift */ = {isa = PBXFileReference; lastKnownFileType = sourcecode.swift; path = WorkoutCollectionViewCell.swift; sourceTree = "<group>"; };
		6000BB10267215460083F617 /* HomeViewController.swift */ = {isa = PBXFileReference; lastKnownFileType = sourcecode.swift; path = HomeViewController.swift; sourceTree = "<group>"; };
		601A4E7626730C9100967581 /* StartProgramViewController.swift */ = {isa = PBXFileReference; lastKnownFileType = sourcecode.swift; path = StartProgramViewController.swift; sourceTree = "<group>"; };
		601A4E7826730CC900967581 /* StartProgram.storyboard */ = {isa = PBXFileReference; lastKnownFileType = file.storyboard; path = StartProgram.storyboard; sourceTree = "<group>"; };
		604CEA3026779D04002384C6 /* MovementCollectionViewCell.swift */ = {isa = PBXFileReference; lastKnownFileType = sourcecode.swift; path = MovementCollectionViewCell.swift; sourceTree = "<group>"; };
		608605CB267875BD00BC1AE2 /* EndProgramViewController.swift */ = {isa = PBXFileReference; lastKnownFileType = sourcecode.swift; path = EndProgramViewController.swift; sourceTree = "<group>"; };
		609067822676453A004753A1 /* ExerciseTableViewCell.swift */ = {isa = PBXFileReference; lastKnownFileType = sourcecode.swift; name = ExerciseTableViewCell.swift; path = "Mini2 Athens/Views/XIB/ExerciseTableViewCell.swift"; sourceTree = SOURCE_ROOT; };
		609067832676453A004753A1 /* ExerciseTableViewCell.xib */ = {isa = PBXFileReference; lastKnownFileType = file.xib; name = ExerciseTableViewCell.xib; path = "Mini2 Athens/Views/XIB/ExerciseTableViewCell.xib"; sourceTree = SOURCE_ROOT; };
		7C7E96E22670EEEB008379D5 /* Rest.storyboard */ = {isa = PBXFileReference; lastKnownFileType = file.storyboard; path = Rest.storyboard; sourceTree = "<group>"; };
		7C7E96E42670EF53008379D5 /* analyzeReport.storyboard */ = {isa = PBXFileReference; lastKnownFileType = file.storyboard; path = analyzeReport.storyboard; sourceTree = "<group>"; };
		7C7E96EA2670F3E7008379D5 /* AnalyzeReportViewController.swift */ = {isa = PBXFileReference; lastKnownFileType = sourcecode.swift; path = AnalyzeReportViewController.swift; sourceTree = "<group>"; };
		7C7E96EC2671048C008379D5 /* restViewController.swift */ = {isa = PBXFileReference; lastKnownFileType = sourcecode.swift; path = restViewController.swift; sourceTree = "<group>"; };
		B8389021266E65D700A293A6 /* movementAnalyzer.storyboard */ = {isa = PBXFileReference; lastKnownFileType = file.storyboard; name = movementAnalyzer.storyboard; path = ../movementAnalyzer.storyboard; sourceTree = "<group>"; };
		B8389023266E674100A293A6 /* MovementAnalyzerViewController.swift */ = {isa = PBXFileReference; lastKnownFileType = sourcecode.swift; path = MovementAnalyzerViewController.swift; sourceTree = "<group>"; };
		B8389025266E69AB00A293A6 /* CameraView.swift */ = {isa = PBXFileReference; lastKnownFileType = sourcecode.swift; path = CameraView.swift; sourceTree = "<group>"; };
		B89FEBA3266FAF7700640FEE /* OnBoarding.storyboard */ = {isa = PBXFileReference; lastKnownFileType = file.storyboard; name = OnBoarding.storyboard; path = ../OnBoarding.storyboard; sourceTree = "<group>"; };
		B89FEBA5266FB1E000640FEE /* OnBoardingViewController.swift */ = {isa = PBXFileReference; lastKnownFileType = sourcecode.swift; path = OnBoardingViewController.swift; sourceTree = "<group>"; };
		C23AA79A267209F10069A409 /* ExerciseProgramListTableViewCell.swift */ = {isa = PBXFileReference; lastKnownFileType = sourcecode.swift; path = ExerciseProgramListTableViewCell.swift; sourceTree = "<group>"; };
		C23AA79C26720AA60069A409 /* ExerciseProgramListViewController.swift */ = {isa = PBXFileReference; lastKnownFileType = sourcecode.swift; path = ExerciseProgramListViewController.swift; sourceTree = "<group>"; };
		C286C34C2671F5FE00416A35 /* ExerciseProgram.swift */ = {isa = PBXFileReference; lastKnownFileType = sourcecode.swift; path = ExerciseProgram.swift; sourceTree = "<group>"; };
		C286C34F2671F9FC00416A35 /* Base */ = {isa = PBXFileReference; lastKnownFileType = file.storyboard; name = Base; path = Base.lproj/exerciseProgram.storyboard; sourceTree = "<group>"; };
/* End PBXFileReference section */

/* Begin PBXFrameworksBuildPhase section */
		2D0BBD7E266E2FAA00C90A28 /* Frameworks */ = {
			isa = PBXFrameworksBuildPhase;
			buildActionMask = 2147483647;
			files = (
			);
			runOnlyForDeploymentPostprocessing = 0;
		};
/* End PBXFrameworksBuildPhase section */

/* Begin PBXGroup section */
		2D0BBD78266E2FAA00C90A28 = {
			isa = PBXGroup;
			children = (
				2D0BBD83266E2FAA00C90A28 /* Mini2 Athens */,
				2D0BBD82266E2FAA00C90A28 /* Products */,
			);
			sourceTree = "<group>";
		};
		2D0BBD82266E2FAA00C90A28 /* Products */ = {
			isa = PBXGroup;
			children = (
				2D0BBD81266E2FAA00C90A28 /* Mini2 Athens.app */,
			);
			name = Products;
			sourceTree = "<group>";
		};
		2D0BBD83266E2FAA00C90A28 /* Mini2 Athens */ = {
			isa = PBXGroup;
			children = (
				2DCB6231267324710040A5E3 /* Test */,
				2D0BBDA0266E301400C90A28 /* Models */,
				2D0BBD9E266E2FF900C90A28 /* Views */,
				2D0BBD9D266E2FD000C90A28 /* Controllers */,
				2D0BBD84266E2FAA00C90A28 /* AppDelegate.swift */,
				2D0BBD86266E2FAA00C90A28 /* SceneDelegate.swift */,
				2D0BBD90266E2FAB00C90A28 /* Assets.xcassets */,
				2D6FFA7F2670899F009C1438 /* video-asset */,
				2D0BBD95266E2FAB00C90A28 /* Info.plist */,
			);
			path = "Mini2 Athens";
			sourceTree = "<group>";
		};
		2D0BBD9D266E2FD000C90A28 /* Controllers */ = {
			isa = PBXGroup;
			children = (
				6000BB0E267213B40083F617 /* WorkoutCollectionViewCell.swift */,
				2D16B23C266FAE0E00FD4450 /* MovementTutorialViewController.swift */,
				2D0BBDA1266E306400C90A28 /* MainViewController.swift */,
				B8389023266E674100A293A6 /* MovementAnalyzerViewController.swift */,
				B89FEBA5266FB1E000640FEE /* OnBoardingViewController.swift */,
				B8389025266E69AB00A293A6 /* CameraView.swift */,
				7C7E96EA2670F3E7008379D5 /* AnalyzeReportViewController.swift */,
				7C7E96EC2671048C008379D5 /* restViewController.swift */,
				2D30DEE2267348880089F8FA /* ProgramCompletedViewController.swift */,
				2D963CDC26764F3B00838C51 /* MyHistoryViewController.swift */,
				6000BB10267215460083F617 /* HomeViewController.swift */,
				601A4E7626730C9100967581 /* StartProgramViewController.swift */,
				C286C34C2671F5FE00416A35 /* ExerciseProgram.swift */,
				C23AA79A267209F10069A409 /* ExerciseProgramListTableViewCell.swift */,
				C23AA79C26720AA60069A409 /* ExerciseProgramListViewController.swift */,
				604CEA3026779D04002384C6 /* MovementCollectionViewCell.swift */,
				608605CB267875BD00BC1AE2 /* EndProgramViewController.swift */,
			);
			path = Controllers;
			sourceTree = "<group>";
		};
		2D0BBD9E266E2FF900C90A28 /* Views */ = {
			isa = PBXGroup;
			children = (
				2D7574DB2671C9AF00CB970C /* XIB */,
				2D7574DE2671CA5D00CB970C /* StoryBoards */,
			);
			path = Views;
			sourceTree = "<group>";
		};
		2D0BBDA0266E301400C90A28 /* Models */ = {
			isa = PBXGroup;
			children = (
				6000BB0C2671FDC40083F617 /* ExerciseTimer.swift */,
				6000BB0A2671FD8C0083F617 /* SuggestedWorkout.swift */,
				2D0BBD8D266E2FAA00C90A28 /* Mini2_Athens.xcdatamodeld */,
				2D73257B26773922003B53C1 /* DataManipulation.swift */,
			);
			path = Models;
			sourceTree = "<group>";
		};
		2D6FFA7F2670899F009C1438 /* video-asset */ = {
			isa = PBXGroup;
			children = (
				2D6FFA8026708A2F009C1438 /* testVideo1.mp4 */,
			);
			path = "video-asset";
			sourceTree = "<group>";
		};
		2D7574DB2671C9AF00CB970C /* XIB */ = {
			isa = PBXGroup;
			children = (
				2D16B23D266FAE0E00FD4450 /* MovementTutorialViewController.xib */,
				2D963CDF267652EE00838C51 /* Cell */,
				2D30DEE3267348880089F8FA /* ProgramCompletedViewController.xib */,
				609067822676453A004753A1 /* ExerciseTableViewCell.swift */,
				609067832676453A004753A1 /* ExerciseTableViewCell.xib */,
			);
			path = XIB;
			sourceTree = "<group>";
		};
		2D7574DE2671CA5D00CB970C /* StoryBoards */ = {
			isa = PBXGroup;
			children = (
				2D0BBD92266E2FAB00C90A28 /* LaunchScreen.storyboard */,
				B8389021266E65D700A293A6 /* movementAnalyzer.storyboard */,
				B89FEBA3266FAF7700640FEE /* OnBoarding.storyboard */,
				6000BB082671FD7B0083F617 /* HomeStoryboard.storyboard */,
				7C7E96E22670EEEB008379D5 /* Rest.storyboard */,
				7C7E96E42670EF53008379D5 /* analyzeReport.storyboard */,
				2D73257D26775D60003B53C1 /* MyHistory.storyboard */,
				601A4E7826730CC900967581 /* StartProgram.storyboard */,
				C286C3502671F9FC00416A35 /* exerciseProgram.storyboard */,
			);
			path = StoryBoards;
			sourceTree = "<group>";
		};
		2D963CDF267652EE00838C51 /* Cell */ = {
			isa = PBXGroup;
			children = (
				2D963CE02676530F00838C51 /* MyHistoryTableViewCell.swift */,
				2D963CE12676530F00838C51 /* MyHistoryTableViewCell.xib */,
			);
			path = Cell;
			sourceTree = "<group>";
		};
		2DCB6231267324710040A5E3 /* Test */ = {
			isa = PBXGroup;
			children = (
				2DCB622F267324660040A5E3 /* TestViewController.swift */,
				2DCB6232267324890040A5E3 /* test.storyboard */,
			);
			path = Test;
			sourceTree = "<group>";
		};
/* End PBXGroup section */

/* Begin PBXNativeTarget section */
		2D0BBD80266E2FAA00C90A28 /* Mini2 Athens */ = {
			isa = PBXNativeTarget;
			buildConfigurationList = 2D0BBD98266E2FAB00C90A28 /* Build configuration list for PBXNativeTarget "Mini2 Athens" */;
			buildPhases = (
				2D0BBD7D266E2FAA00C90A28 /* Sources */,
				2D0BBD7E266E2FAA00C90A28 /* Frameworks */,
				2D0BBD7F266E2FAA00C90A28 /* Resources */,
			);
			buildRules = (
			);
			dependencies = (
			);
			name = "Mini2 Athens";
			productName = "Mini2 Athens";
			productReference = 2D0BBD81266E2FAA00C90A28 /* Mini2 Athens.app */;
			productType = "com.apple.product-type.application";
		};
/* End PBXNativeTarget section */

/* Begin PBXProject section */
		2D0BBD79266E2FAA00C90A28 /* Project object */ = {
			isa = PBXProject;
			attributes = {
				LastSwiftUpdateCheck = 1250;
				LastUpgradeCheck = 1250;
				TargetAttributes = {
					2D0BBD80266E2FAA00C90A28 = {
						CreatedOnToolsVersion = 12.5;
						LastSwiftMigration = 1250;
					};
				};
			};
			buildConfigurationList = 2D0BBD7C266E2FAA00C90A28 /* Build configuration list for PBXProject "Mini2 Athens" */;
			compatibilityVersion = "Xcode 9.3";
			developmentRegion = en;
			hasScannedForEncodings = 0;
			knownRegions = (
				en,
				Base,
			);
			mainGroup = 2D0BBD78266E2FAA00C90A28;
			productRefGroup = 2D0BBD82266E2FAA00C90A28 /* Products */;
			projectDirPath = "";
			projectRoot = "";
			targets = (
				2D0BBD80266E2FAA00C90A28 /* Mini2 Athens */,
			);
		};
/* End PBXProject section */

/* Begin PBXResourcesBuildPhase section */
		2D0BBD7F266E2FAA00C90A28 /* Resources */ = {
			isa = PBXResourcesBuildPhase;
			buildActionMask = 2147483647;
			files = (
				6000BB092671FD7C0083F617 /* HomeStoryboard.storyboard in Resources */,
				2D0BBD94266E2FAB00C90A28 /* LaunchScreen.storyboard in Resources */,
				2D963CE32676530F00838C51 /* MyHistoryTableViewCell.xib in Resources */,
				C286C34E2671F9FC00416A35 /* exerciseProgram.storyboard in Resources */,
				7C7E96E52670EF53008379D5 /* analyzeReport.storyboard in Resources */,
				2D16B23F266FAE0E00FD4450 /* MovementTutorialViewController.xib in Resources */,
				2D6FFA8126708A2F009C1438 /* testVideo1.mp4 in Resources */,
				601A4E7926730CC900967581 /* StartProgram.storyboard in Resources */,
				2D0BBD91266E2FAB00C90A28 /* Assets.xcassets in Resources */,
				7C7E96E32670EEEB008379D5 /* Rest.storyboard in Resources */,
				609067852676453A004753A1 /* ExerciseTableViewCell.xib in Resources */,
				B8389022266E65D700A293A6 /* movementAnalyzer.storyboard in Resources */,
				2DCB6233267324890040A5E3 /* test.storyboard in Resources */,
				2D73257E26775D60003B53C1 /* MyHistory.storyboard in Resources */,
				B89FEBA4266FAF7700640FEE /* OnBoarding.storyboard in Resources */,
				2D30DEE5267348880089F8FA /* ProgramCompletedViewController.xib in Resources */,
			);
			runOnlyForDeploymentPostprocessing = 0;
		};
/* End PBXResourcesBuildPhase section */

/* Begin PBXSourcesBuildPhase section */
		2D0BBD7D266E2FAA00C90A28 /* Sources */ = {
			isa = PBXSourcesBuildPhase;
			buildActionMask = 2147483647;
			files = (
				2D16B23E266FAE0E00FD4450 /* MovementTutorialViewController.swift in Sources */,
				608605CC267875BD00BC1AE2 /* EndProgramViewController.swift in Sources */,
				2D0BBD85266E2FAA00C90A28 /* AppDelegate.swift in Sources */,
				2DCB6230267324660040A5E3 /* TestViewController.swift in Sources */,
				2D30DEE4267348880089F8FA /* ProgramCompletedViewController.swift in Sources */,
				2D963CE22676530F00838C51 /* MyHistoryTableViewCell.swift in Sources */,
				2D0BBD8F266E2FAA00C90A28 /* Mini2_Athens.xcdatamodeld in Sources */,
				6000BB11267215460083F617 /* HomeViewController.swift in Sources */,
				6000BB0D2671FDC40083F617 /* ExerciseTimer.swift in Sources */,
				6000BB0B2671FD8C0083F617 /* SuggestedWorkout.swift in Sources */,
				C23AA79D26720AA60069A409 /* ExerciseProgramListViewController.swift in Sources */,
				C286C34D2671F5FE00416A35 /* ExerciseProgram.swift in Sources */,
				B89FEBA6266FB1E000640FEE /* OnBoardingViewController.swift in Sources */,
				604CEA3126779D04002384C6 /* MovementCollectionViewCell.swift in Sources */,
				7C7E96EB2670F3E7008379D5 /* AnalyzeReportViewController.swift in Sources */,
				2D0BBD87266E2FAA00C90A28 /* SceneDelegate.swift in Sources */,
				609067842676453A004753A1 /* ExerciseTableViewCell.swift in Sources */,
				B8389026266E69AB00A293A6 /* CameraView.swift in Sources */,
				2D0BBDA2266E306400C90A28 /* MainViewController.swift in Sources */,
				B8389024266E674100A293A6 /* MovementAnalyzerViewController.swift in Sources */,
				2D73257C26773922003B53C1 /* DataManipulation.swift in Sources */,
				6000BB0F267213B40083F617 /* WorkoutCollectionViewCell.swift in Sources */,
				601A4E7726730C9100967581 /* StartProgramViewController.swift in Sources */,
				C23AA79B267209F10069A409 /* ExerciseProgramListTableViewCell.swift in Sources */,
				7C7E96ED2671048C008379D5 /* restViewController.swift in Sources */,
				2D963CDD26764F3B00838C51 /* MyHistoryViewController.swift in Sources */,
			);
			runOnlyForDeploymentPostprocessing = 0;
		};
/* End PBXSourcesBuildPhase section */

/* Begin PBXVariantGroup section */
		2D0BBD92266E2FAB00C90A28 /* LaunchScreen.storyboard */ = {
			isa = PBXVariantGroup;
			children = (
				2D0BBD93266E2FAB00C90A28 /* Base */,
			);
			name = LaunchScreen.storyboard;
			sourceTree = "<group>";
		};
		C286C3502671F9FC00416A35 /* exerciseProgram.storyboard */ = {
			isa = PBXVariantGroup;
			children = (
				C286C34F2671F9FC00416A35 /* Base */,
			);
			name = exerciseProgram.storyboard;
			sourceTree = "<group>";
		};
/* End PBXVariantGroup section */

/* Begin XCBuildConfiguration section */
		2D0BBD96266E2FAB00C90A28 /* Debug */ = {
			isa = XCBuildConfiguration;
			buildSettings = {
				ALWAYS_SEARCH_USER_PATHS = NO;
				CLANG_ANALYZER_NONNULL = YES;
				CLANG_ANALYZER_NUMBER_OBJECT_CONVERSION = YES_AGGRESSIVE;
				CLANG_CXX_LANGUAGE_STANDARD = "gnu++14";
				CLANG_CXX_LIBRARY = "libc++";
				CLANG_ENABLE_MODULES = YES;
				CLANG_ENABLE_OBJC_ARC = YES;
				CLANG_ENABLE_OBJC_WEAK = YES;
				CLANG_WARN_BLOCK_CAPTURE_AUTORELEASING = YES;
				CLANG_WARN_BOOL_CONVERSION = YES;
				CLANG_WARN_COMMA = YES;
				CLANG_WARN_CONSTANT_CONVERSION = YES;
				CLANG_WARN_DEPRECATED_OBJC_IMPLEMENTATIONS = YES;
				CLANG_WARN_DIRECT_OBJC_ISA_USAGE = YES_ERROR;
				CLANG_WARN_DOCUMENTATION_COMMENTS = YES;
				CLANG_WARN_EMPTY_BODY = YES;
				CLANG_WARN_ENUM_CONVERSION = YES;
				CLANG_WARN_INFINITE_RECURSION = YES;
				CLANG_WARN_INT_CONVERSION = YES;
				CLANG_WARN_NON_LITERAL_NULL_CONVERSION = YES;
				CLANG_WARN_OBJC_IMPLICIT_RETAIN_SELF = YES;
				CLANG_WARN_OBJC_LITERAL_CONVERSION = YES;
				CLANG_WARN_OBJC_ROOT_CLASS = YES_ERROR;
				CLANG_WARN_QUOTED_INCLUDE_IN_FRAMEWORK_HEADER = YES;
				CLANG_WARN_RANGE_LOOP_ANALYSIS = YES;
				CLANG_WARN_STRICT_PROTOTYPES = YES;
				CLANG_WARN_SUSPICIOUS_MOVE = YES;
				CLANG_WARN_UNGUARDED_AVAILABILITY = YES_AGGRESSIVE;
				CLANG_WARN_UNREACHABLE_CODE = YES;
				CLANG_WARN__DUPLICATE_METHOD_MATCH = YES;
				COPY_PHASE_STRIP = NO;
				DEBUG_INFORMATION_FORMAT = dwarf;
				ENABLE_STRICT_OBJC_MSGSEND = YES;
				ENABLE_TESTABILITY = YES;
				GCC_C_LANGUAGE_STANDARD = gnu11;
				GCC_DYNAMIC_NO_PIC = NO;
				GCC_NO_COMMON_BLOCKS = YES;
				GCC_OPTIMIZATION_LEVEL = 0;
				GCC_PREPROCESSOR_DEFINITIONS = (
					"DEBUG=1",
					"$(inherited)",
				);
				GCC_WARN_64_TO_32_BIT_CONVERSION = YES;
				GCC_WARN_ABOUT_RETURN_TYPE = YES_ERROR;
				GCC_WARN_UNDECLARED_SELECTOR = YES;
				GCC_WARN_UNINITIALIZED_AUTOS = YES_AGGRESSIVE;
				GCC_WARN_UNUSED_FUNCTION = YES;
				GCC_WARN_UNUSED_VARIABLE = YES;
				IPHONEOS_DEPLOYMENT_TARGET = 14.5;
				MTL_ENABLE_DEBUG_INFO = INCLUDE_SOURCE;
				MTL_FAST_MATH = YES;
				ONLY_ACTIVE_ARCH = YES;
				SDKROOT = iphoneos;
				SWIFT_ACTIVE_COMPILATION_CONDITIONS = DEBUG;
				SWIFT_OPTIMIZATION_LEVEL = "-Onone";
			};
			name = Debug;
		};
		2D0BBD97266E2FAB00C90A28 /* Release */ = {
			isa = XCBuildConfiguration;
			buildSettings = {
				ALWAYS_SEARCH_USER_PATHS = NO;
				CLANG_ANALYZER_NONNULL = YES;
				CLANG_ANALYZER_NUMBER_OBJECT_CONVERSION = YES_AGGRESSIVE;
				CLANG_CXX_LANGUAGE_STANDARD = "gnu++14";
				CLANG_CXX_LIBRARY = "libc++";
				CLANG_ENABLE_MODULES = YES;
				CLANG_ENABLE_OBJC_ARC = YES;
				CLANG_ENABLE_OBJC_WEAK = YES;
				CLANG_WARN_BLOCK_CAPTURE_AUTORELEASING = YES;
				CLANG_WARN_BOOL_CONVERSION = YES;
				CLANG_WARN_COMMA = YES;
				CLANG_WARN_CONSTANT_CONVERSION = YES;
				CLANG_WARN_DEPRECATED_OBJC_IMPLEMENTATIONS = YES;
				CLANG_WARN_DIRECT_OBJC_ISA_USAGE = YES_ERROR;
				CLANG_WARN_DOCUMENTATION_COMMENTS = YES;
				CLANG_WARN_EMPTY_BODY = YES;
				CLANG_WARN_ENUM_CONVERSION = YES;
				CLANG_WARN_INFINITE_RECURSION = YES;
				CLANG_WARN_INT_CONVERSION = YES;
				CLANG_WARN_NON_LITERAL_NULL_CONVERSION = YES;
				CLANG_WARN_OBJC_IMPLICIT_RETAIN_SELF = YES;
				CLANG_WARN_OBJC_LITERAL_CONVERSION = YES;
				CLANG_WARN_OBJC_ROOT_CLASS = YES_ERROR;
				CLANG_WARN_QUOTED_INCLUDE_IN_FRAMEWORK_HEADER = YES;
				CLANG_WARN_RANGE_LOOP_ANALYSIS = YES;
				CLANG_WARN_STRICT_PROTOTYPES = YES;
				CLANG_WARN_SUSPICIOUS_MOVE = YES;
				CLANG_WARN_UNGUARDED_AVAILABILITY = YES_AGGRESSIVE;
				CLANG_WARN_UNREACHABLE_CODE = YES;
				CLANG_WARN__DUPLICATE_METHOD_MATCH = YES;
				COPY_PHASE_STRIP = NO;
				DEBUG_INFORMATION_FORMAT = "dwarf-with-dsym";
				ENABLE_NS_ASSERTIONS = NO;
				ENABLE_STRICT_OBJC_MSGSEND = YES;
				GCC_C_LANGUAGE_STANDARD = gnu11;
				GCC_NO_COMMON_BLOCKS = YES;
				GCC_WARN_64_TO_32_BIT_CONVERSION = YES;
				GCC_WARN_ABOUT_RETURN_TYPE = YES_ERROR;
				GCC_WARN_UNDECLARED_SELECTOR = YES;
				GCC_WARN_UNINITIALIZED_AUTOS = YES_AGGRESSIVE;
				GCC_WARN_UNUSED_FUNCTION = YES;
				GCC_WARN_UNUSED_VARIABLE = YES;
				IPHONEOS_DEPLOYMENT_TARGET = 14.5;
				MTL_ENABLE_DEBUG_INFO = NO;
				MTL_FAST_MATH = YES;
				SDKROOT = iphoneos;
				SWIFT_COMPILATION_MODE = wholemodule;
				SWIFT_OPTIMIZATION_LEVEL = "-O";
				VALIDATE_PRODUCT = YES;
			};
			name = Release;
		};
		2D0BBD99266E2FAB00C90A28 /* Debug */ = {
			isa = XCBuildConfiguration;
			buildSettings = {
				ASSETCATALOG_COMPILER_APPICON_NAME = AppIcon;
				ASSETCATALOG_COMPILER_GLOBAL_ACCENT_COLOR_NAME = AccentColor;
				CLANG_ENABLE_MODULES = YES;
				CODE_SIGN_STYLE = Automatic;
				DEVELOPMENT_TEAM = 577NLUCH43;
				INFOPLIST_FILE = "Mini2 Athens/Info.plist";
				IPHONEOS_DEPLOYMENT_TARGET = 14.1;
				LD_RUNPATH_SEARCH_PATHS = (
					"$(inherited)",
					"@executable_path/Frameworks",
				);
				PRODUCT_BUNDLE_IDENTIFIER = com.Athens.Mini2Athens;
				PRODUCT_NAME = "$(TARGET_NAME)";
				SWIFT_OBJC_BRIDGING_HEADER = "";
				SWIFT_OPTIMIZATION_LEVEL = "-Onone";
				SWIFT_VERSION = 5.0;
				TARGETED_DEVICE_FAMILY = "1,2";
			};
			name = Debug;
		};
		2D0BBD9A266E2FAB00C90A28 /* Release */ = {
			isa = XCBuildConfiguration;
			buildSettings = {
				ASSETCATALOG_COMPILER_APPICON_NAME = AppIcon;
				ASSETCATALOG_COMPILER_GLOBAL_ACCENT_COLOR_NAME = AccentColor;
				CLANG_ENABLE_MODULES = YES;
				CODE_SIGN_STYLE = Automatic;
				DEVELOPMENT_TEAM = 577NLUCH43;
				INFOPLIST_FILE = "Mini2 Athens/Info.plist";
				IPHONEOS_DEPLOYMENT_TARGET = 14.1;
				LD_RUNPATH_SEARCH_PATHS = (
					"$(inherited)",
					"@executable_path/Frameworks",
				);
				PRODUCT_BUNDLE_IDENTIFIER = com.Athens.Mini2Athens;
				PRODUCT_NAME = "$(TARGET_NAME)";
				SWIFT_OBJC_BRIDGING_HEADER = "";
				SWIFT_VERSION = 5.0;
				TARGETED_DEVICE_FAMILY = "1,2";
			};
			name = Release;
		};
/* End XCBuildConfiguration section */

/* Begin XCConfigurationList section */
		2D0BBD7C266E2FAA00C90A28 /* Build configuration list for PBXProject "Mini2 Athens" */ = {
			isa = XCConfigurationList;
			buildConfigurations = (
				2D0BBD96266E2FAB00C90A28 /* Debug */,
				2D0BBD97266E2FAB00C90A28 /* Release */,
			);
			defaultConfigurationIsVisible = 0;
			defaultConfigurationName = Release;
		};
		2D0BBD98266E2FAB00C90A28 /* Build configuration list for PBXNativeTarget "Mini2 Athens" */ = {
			isa = XCConfigurationList;
			buildConfigurations = (
				2D0BBD99266E2FAB00C90A28 /* Debug */,
				2D0BBD9A266E2FAB00C90A28 /* Release */,
			);
			defaultConfigurationIsVisible = 0;
			defaultConfigurationName = Release;
		};
/* End XCConfigurationList section */

/* Begin XCVersionGroup section */
		2D0BBD8D266E2FAA00C90A28 /* Mini2_Athens.xcdatamodeld */ = {
			isa = XCVersionGroup;
			children = (
				2D0BBD8E266E2FAA00C90A28 /* Mini2_Athens.xcdatamodel */,
			);
			currentVersion = 2D0BBD8E266E2FAA00C90A28 /* Mini2_Athens.xcdatamodel */;
			path = Mini2_Athens.xcdatamodeld;
			sourceTree = "<group>";
			versionGroupType = wrapper.xcdatamodel;
		};
/* End XCVersionGroup section */
	};
	rootObject = 2D0BBD79266E2FAA00C90A28 /* Project object */;
}
